
Microsoft Visual Studio Solution File, Format Version 12.00
# Visual Studio 15
VisualStudioVersion = 15.0.27130.2010
MinimumVisualStudioVersion = 10.0.40219.1
Project("{9A19103F-16F7-4668-BE54-9A1E7A4F7556}") = "Lab 05", "Lab 05\Lab 05.csproj", "{B6ACD73E-1F6C-4A85-8CAD-646CC3A04A57}"
EndProject
Project("{FAE04EC0-301F-11D3-BF4B-00C04F79EFBC}") = "Lab05Tests", "Lab05Tests\Lab05Tests.csproj", "{01B44FF9-CA2E-4693-81AB-AF57095A5F18}"
EndProject
Global
	GlobalSection(SolutionConfigurationPlatforms) = preSolution
		Debug|Any CPU = Debug|Any CPU
		Release|Any CPU = Release|Any CPU
	EndGlobalSection
	GlobalSection(ProjectConfigurationPlatforms) = postSolution
		{B6ACD73E-1F6C-4A85-8CAD-646CC3A04A57}.Debug|Any CPU.ActiveCfg = Debug|Any CPU
		{B6ACD73E-1F6C-4A85-8CAD-646CC3A04A57}.Debug|Any CPU.Build.0 = Debug|Any CPU
		{B6ACD73E-1F6C-4A85-8CAD-646CC3A04A57}.Release|Any CPU.ActiveCfg = Release|Any CPU
		{B6ACD73E-1F6C-4A85-8CAD-646CC3A04A57}.Release|Any CPU.Build.0 = Release|Any CPU
		{01B44FF9-CA2E-4693-81AB-AF57095A5F18}.Debug|Any CPU.ActiveCfg = Debug|Any CPU
		{01B44FF9-CA2E-4693-81AB-AF57095A5F18}.Debug|Any CPU.Build.0 = Debug|Any CPU
		{01B44FF9-CA2E-4693-81AB-AF57095A5F18}.Release|Any CPU.ActiveCfg = Release|Any CPU
		{01B44FF9-CA2E-4693-81AB-AF57095A5F18}.Release|Any CPU.Build.0 = Release|Any CPU
	EndGlobalSection
	GlobalSection(SolutionProperties) = preSolution
		HideSolutionNode = FALSE
	EndGlobalSection
	GlobalSection(ExtensibilityGlobals) = postSolution
		SolutionGuid = {E9173D23-E641-4B2F-A1A9-73CF2F1C5131}
	EndGlobalSection
EndGlobal
