
Microsoft Visual Studio Solution File, Format Version 12.00
# Visual Studio 15
VisualStudioVersion = 15.0.27130.2010
MinimumVisualStudioVersion = 10.0.40219.1
Project("{FAE04EC0-301F-11D3-BF4B-00C04F79EFBC}") = "AutofacWebApiSample_", "AutofacWebApiSample_\AutofacWebApiSample_.csproj", "{6823A1D7-AE8E-4EA0-BBDF-B7FCD1487429}"
EndProject
Global
	GlobalSection(SolutionConfigurationPlatforms) = preSolution
		Debug|Any CPU = Debug|Any CPU
		Release|Any CPU = Release|Any CPU
	EndGlobalSection
	GlobalSection(ProjectConfigurationPlatforms) = postSolution
		{6823A1D7-AE8E-4EA0-BBDF-B7FCD1487429}.Debug|Any CPU.ActiveCfg = Debug|Any CPU
		{6823A1D7-AE8E-4EA0-BBDF-B7FCD1487429}.Debug|Any CPU.Build.0 = Debug|Any CPU
		{6823A1D7-AE8E-4EA0-BBDF-B7FCD1487429}.Release|Any CPU.ActiveCfg = Release|Any CPU
		{6823A1D7-AE8E-4EA0-BBDF-B7FCD1487429}.Release|Any CPU.Build.0 = Release|Any CPU
	EndGlobalSection
	GlobalSection(SolutionProperties) = preSolution
		HideSolutionNode = FALSE
	EndGlobalSection
	GlobalSection(ExtensibilityGlobals) = postSolution
		SolutionGuid = {F7C15995-466D-45D3-92DC-B61CDBCC28F0}
	EndGlobalSection
EndGlobal
